
Microsoft Visual Studio Solution File, Format Version 12.00
# Visual Studio Version 17
VisualStudioVersion = 17.4.33403.182
MinimumVisualStudioVersion = 10.0.40219.1
Project("{FAE04EC0-301F-11D3-BF4B-00C04F79EFBC}") = "CapaAdmin", "CarritodeCompras\CapaAdmin.csproj", "{A5C5537B-3342-4067-973F-625337B4D084}"
EndProject
Project("{FAE04EC0-301F-11D3-BF4B-00C04F79EFBC}") = "CapaTienda", "Carritode ComprasAdmi\CapaTienda.csproj", "{8D7C3175-55CD-4F19-A07B-8FF8ED2CCAF6}"
EndProject
Project("{FAE04EC0-301F-11D3-BF4B-00C04F79EFBC}") = "CapaDatos", "CapaDatos\CapaDatos.csproj", "{3F046196-4C65-4FC1-855E-FFA6356100CD}"
EndProject
Project("{FAE04EC0-301F-11D3-BF4B-00C04F79EFBC}") = "CapaEntidades", "CapaEntidades\CapaEntidades.csproj", "{16605234-C182-4D4B-90BA-56AAE8A13106}"
EndProject
Project("{FAE04EC0-301F-11D3-BF4B-00C04F79EFBC}") = "CapaNegocio", "CapaNegocio\CapaNegocio.csproj", "{3A5ED677-3B13-4C04-B135-0C77097515CF}"
EndProject
Project("{2150E333-8FDC-42A3-9474-1A3956D46DE8}") = "Solution Items", "Solution Items", "{D0C05451-1590-4F8C-A2F0-360CD1F1D9EB}"
	ProjectSection(SolutionItems) = preProject
		.editorconfig = .editorconfig
	EndProjectSection
EndProject
Global
	GlobalSection(SolutionConfigurationPlatforms) = preSolution
		Debug|Any CPU = Debug|Any CPU
		Release|Any CPU = Release|Any CPU
	EndGlobalSection
	GlobalSection(ProjectConfigurationPlatforms) = postSolution
		{A5C5537B-3342-4067-973F-625337B4D084}.Debug|Any CPU.ActiveCfg = Debug|Any CPU
		{A5C5537B-3342-4067-973F-625337B4D084}.Debug|Any CPU.Build.0 = Debug|Any CPU
		{A5C5537B-3342-4067-973F-625337B4D084}.Release|Any CPU.ActiveCfg = Release|Any CPU
		{A5C5537B-3342-4067-973F-625337B4D084}.Release|Any CPU.Build.0 = Release|Any CPU
		{8D7C3175-55CD-4F19-A07B-8FF8ED2CCAF6}.Debug|Any CPU.ActiveCfg = Debug|Any CPU
		{8D7C3175-55CD-4F19-A07B-8FF8ED2CCAF6}.Debug|Any CPU.Build.0 = Debug|Any CPU
		{8D7C3175-55CD-4F19-A07B-8FF8ED2CCAF6}.Release|Any CPU.ActiveCfg = Release|Any CPU
		{8D7C3175-55CD-4F19-A07B-8FF8ED2CCAF6}.Release|Any CPU.Build.0 = Release|Any CPU
		{3F046196-4C65-4FC1-855E-FFA6356100CD}.Debug|Any CPU.ActiveCfg = Debug|Any CPU
		{3F046196-4C65-4FC1-855E-FFA6356100CD}.Debug|Any CPU.Build.0 = Debug|Any CPU
		{3F046196-4C65-4FC1-855E-FFA6356100CD}.Release|Any CPU.ActiveCfg = Release|Any CPU
		{3F046196-4C65-4FC1-855E-FFA6356100CD}.Release|Any CPU.Build.0 = Release|Any CPU
		{16605234-C182-4D4B-90BA-56AAE8A13106}.Debug|Any CPU.ActiveCfg = Debug|Any CPU
		{16605234-C182-4D4B-90BA-56AAE8A13106}.Debug|Any CPU.Build.0 = Debug|Any CPU
		{16605234-C182-4D4B-90BA-56AAE8A13106}.Release|Any CPU.ActiveCfg = Release|Any CPU
		{16605234-C182-4D4B-90BA-56AAE8A13106}.Release|Any CPU.Build.0 = Release|Any CPU
		{3A5ED677-3B13-4C04-B135-0C77097515CF}.Debug|Any CPU.ActiveCfg = Debug|Any CPU
		{3A5ED677-3B13-4C04-B135-0C77097515CF}.Debug|Any CPU.Build.0 = Debug|Any CPU
		{3A5ED677-3B13-4C04-B135-0C77097515CF}.Release|Any CPU.ActiveCfg = Release|Any CPU
		{3A5ED677-3B13-4C04-B135-0C77097515CF}.Release|Any CPU.Build.0 = Release|Any CPU
	EndGlobalSection
	GlobalSection(SolutionProperties) = preSolution
		HideSolutionNode = FALSE
	EndGlobalSection
	GlobalSection(ExtensibilityGlobals) = postSolution
		SolutionGuid = {8A648AD2-ABF6-4408-BAC1-36375027D983}
	EndGlobalSection
EndGlobal
